
Microsoft Visual Studio Solution File, Format Version 12.00
# Visual Studio Version 17
VisualStudioVersion = 17.9.34723.18
MinimumVisualStudioVersion = 10.0.40219.1
Project("{FAE04EC0-301F-11D3-BF4B-00C04F79EFBC}") = "SqlFileReader", "SqlFileReader\SqlFileReader.csproj", "{1D5C2F50-5A2C-4D08-AE1D-166E5DF17A4F}"
EndProject
Global
	GlobalSection(SolutionConfigurationPlatforms) = preSolution
		Debug|Any CPU = Debug|Any CPU
		Release|Any CPU = Release|Any CPU
	EndGlobalSection
	GlobalSection(ProjectConfigurationPlatforms) = postSolution
		{1D5C2F50-5A2C-4D08-AE1D-166E5DF17A4F}.Debug|Any CPU.ActiveCfg = Debug|Any CPU
		{1D5C2F50-5A2C-4D08-AE1D-166E5DF17A4F}.Debug|Any CPU.Build.0 = Debug|Any CPU
		{1D5C2F50-5A2C-4D08-AE1D-166E5DF17A4F}.Release|Any CPU.ActiveCfg = Release|Any CPU
		{1D5C2F50-5A2C-4D08-AE1D-166E5DF17A4F}.Release|Any CPU.Build.0 = Release|Any CPU
	EndGlobalSection
	GlobalSection(SolutionProperties) = preSolution
		HideSolutionNode = FALSE
	EndGlobalSection
	GlobalSection(ExtensibilityGlobals) = postSolution
		SolutionGuid = {F4E60951-F3ED-4F78-AF50-EDAB7F1A3032}
	EndGlobalSection
EndGlobal
